
Microsoft Visual Studio Solution File, Format Version 12.00
# Visual Studio 15
VisualStudioVersion = 15.0.27703.2042
MinimumVisualStudioVersion = 10.0.40219.1
Project("{9A19103F-16F7-4668-BE54-9A1E7A4F7556}") = "SportRanker.Feeds.SportRadar.NBA.Contracts", "SportRanker.Feeds.SportRadar.NBA.Contracts\SportRanker.Feeds.SportRadar.NBA.Contracts.csproj", "{BCB2A225-4609-4987-917A-B8F746D05F63}"
EndProject
Project("{9A19103F-16F7-4668-BE54-9A1E7A4F7556}") = "SportRanker.Feeds.SportRadar.NBA.Definitions", "SportRanker.Feeds.SportRadar.NBA.Definitions\SportRanker.Feeds.SportRadar.NBA.Definitions.csproj", "{B86FE929-896E-42E0-A2A8-1C3E47ABE5E4}"
EndProject
Project("{9A19103F-16F7-4668-BE54-9A1E7A4F7556}") = "SportRanker.Feeds.SportRadar.NBA.Infrastructure", "SportRanker.Feeds.SportRadar.NBA.Infrastructure\SportRanker.Feeds.SportRadar.NBA.Infrastructure.csproj", "{5F5E2A94-0E17-4619-A5F6-14D864BBB34B}"
EndProject
Project("{9A19103F-16F7-4668-BE54-9A1E7A4F7556}") = "SportRanker.Feeds.SportRadar.NBA.Interfaces", "SportRanker.Feeds.SportRadar.NBA.Interfaces\SportRanker.Feeds.SportRadar.NBA.Interfaces.csproj", "{C7B3BA70-A8E6-4B3B-BFFD-A2375462E22D}"
EndProject
Project("{9A19103F-16F7-4668-BE54-9A1E7A4F7556}") = "SportRanker.Feeds.SportRadar.NBA.Application", "SportRanker.Feeds.SportRadar.NBA.Application\SportRanker.Feeds.SportRadar.NBA.Application.csproj", "{BAB9059D-41CB-4E65-A143-86F75513FF07}"
EndProject
Project("{FAE04EC0-301F-11D3-BF4B-00C04F79EFBC}") = "SportRanker.Feeds.SportRadar.NBA.App", "SportRanker.Feeds.SportRadar.NBA.App\SportRanker.Feeds.SportRadar.NBA.App.csproj", "{D8B8E1F2-E46D-4F68-B6C0-CFEAE202E166}"
EndProject
Global
	GlobalSection(SolutionConfigurationPlatforms) = preSolution
		Debug|Any CPU = Debug|Any CPU
		Release|Any CPU = Release|Any CPU
	EndGlobalSection
	GlobalSection(ProjectConfigurationPlatforms) = postSolution
		{BCB2A225-4609-4987-917A-B8F746D05F63}.Debug|Any CPU.ActiveCfg = Debug|Any CPU
		{BCB2A225-4609-4987-917A-B8F746D05F63}.Debug|Any CPU.Build.0 = Debug|Any CPU
		{BCB2A225-4609-4987-917A-B8F746D05F63}.Release|Any CPU.ActiveCfg = Release|Any CPU
		{BCB2A225-4609-4987-917A-B8F746D05F63}.Release|Any CPU.Build.0 = Release|Any CPU
		{B86FE929-896E-42E0-A2A8-1C3E47ABE5E4}.Debug|Any CPU.ActiveCfg = Debug|Any CPU
		{B86FE929-896E-42E0-A2A8-1C3E47ABE5E4}.Debug|Any CPU.Build.0 = Debug|Any CPU
		{B86FE929-896E-42E0-A2A8-1C3E47ABE5E4}.Release|Any CPU.ActiveCfg = Release|Any CPU
		{B86FE929-896E-42E0-A2A8-1C3E47ABE5E4}.Release|Any CPU.Build.0 = Release|Any CPU
		{5F5E2A94-0E17-4619-A5F6-14D864BBB34B}.Debug|Any CPU.ActiveCfg = Debug|Any CPU
		{5F5E2A94-0E17-4619-A5F6-14D864BBB34B}.Debug|Any CPU.Build.0 = Debug|Any CPU
		{5F5E2A94-0E17-4619-A5F6-14D864BBB34B}.Release|Any CPU.ActiveCfg = Release|Any CPU
		{5F5E2A94-0E17-4619-A5F6-14D864BBB34B}.Release|Any CPU.Build.0 = Release|Any CPU
		{C7B3BA70-A8E6-4B3B-BFFD-A2375462E22D}.Debug|Any CPU.ActiveCfg = Debug|Any CPU
		{C7B3BA70-A8E6-4B3B-BFFD-A2375462E22D}.Debug|Any CPU.Build.0 = Debug|Any CPU
		{C7B3BA70-A8E6-4B3B-BFFD-A2375462E22D}.Release|Any CPU.ActiveCfg = Release|Any CPU
		{C7B3BA70-A8E6-4B3B-BFFD-A2375462E22D}.Release|Any CPU.Build.0 = Release|Any CPU
		{BAB9059D-41CB-4E65-A143-86F75513FF07}.Debug|Any CPU.ActiveCfg = Debug|Any CPU
		{BAB9059D-41CB-4E65-A143-86F75513FF07}.Debug|Any CPU.Build.0 = Debug|Any CPU
		{BAB9059D-41CB-4E65-A143-86F75513FF07}.Release|Any CPU.ActiveCfg = Release|Any CPU
		{BAB9059D-41CB-4E65-A143-86F75513FF07}.Release|Any CPU.Build.0 = Release|Any CPU
		{D8B8E1F2-E46D-4F68-B6C0-CFEAE202E166}.Debug|Any CPU.ActiveCfg = Debug|Any CPU
		{D8B8E1F2-E46D-4F68-B6C0-CFEAE202E166}.Debug|Any CPU.Build.0 = Debug|Any CPU
		{D8B8E1F2-E46D-4F68-B6C0-CFEAE202E166}.Release|Any CPU.ActiveCfg = Release|Any CPU
		{D8B8E1F2-E46D-4F68-B6C0-CFEAE202E166}.Release|Any CPU.Build.0 = Release|Any CPU
	EndGlobalSection
	GlobalSection(SolutionProperties) = preSolution
		HideSolutionNode = FALSE
	EndGlobalSection
	GlobalSection(ExtensibilityGlobals) = postSolution
		SolutionGuid = {377D6E56-2F89-401E-B193-168BA1A1E0AF}
	EndGlobalSection
EndGlobal
